
Microsoft Visual Studio Solution File, Format Version 12.00
# Visual Studio Version 17
VisualStudioVersion = 17.1.32319.34
MinimumVisualStudioVersion = 10.0.40219.1
Project("{9A19103F-16F7-4668-BE54-9A1E7A4F7556}") = "TransportScales.Api", "TransportScales.Api\TransportScales.Api.csproj", "{9C19DD29-6D8E-43A6-9A88-7FF478A48E09}"
EndProject
Project("{9A19103F-16F7-4668-BE54-9A1E7A4F7556}") = "TransportScales.Core", "TransportScales.Core\TransportScales.Core.csproj", "{22BD5C43-7119-478C-83CF-A104AB6FFFC8}"
EndProject
Project("{9A19103F-16F7-4668-BE54-9A1E7A4F7556}") = "TransportScales.Data", "TransportScales.Data\TransportScales.Data.csproj", "{29BD3402-C6F4-43DA-8AAA-EFEB03CF3558}"
EndProject
Project("{9A19103F-16F7-4668-BE54-9A1E7A4F7556}") = "TransportScales.Dto", "TransportScales.Dto\TransportScales.Dto.csproj", "{3570BDF8-69EB-4737-BCFE-0E305C7AA49B}"
EndProject
Project("{9A19103F-16F7-4668-BE54-9A1E7A4F7556}") = "TransportScales.Test", "TransportScales.Test\TransportScales.Test.csproj", "{8EBCE637-9ED2-41F5-851B-A7FDDF342528}"
EndProject
Global
	GlobalSection(SolutionConfigurationPlatforms) = preSolution
		Debug|Any CPU = Debug|Any CPU
		Release|Any CPU = Release|Any CPU
	EndGlobalSection
	GlobalSection(ProjectConfigurationPlatforms) = postSolution
		{9C19DD29-6D8E-43A6-9A88-7FF478A48E09}.Debug|Any CPU.ActiveCfg = Debug|Any CPU
		{9C19DD29-6D8E-43A6-9A88-7FF478A48E09}.Debug|Any CPU.Build.0 = Debug|Any CPU
		{9C19DD29-6D8E-43A6-9A88-7FF478A48E09}.Release|Any CPU.ActiveCfg = Release|Any CPU
		{9C19DD29-6D8E-43A6-9A88-7FF478A48E09}.Release|Any CPU.Build.0 = Release|Any CPU
		{22BD5C43-7119-478C-83CF-A104AB6FFFC8}.Debug|Any CPU.ActiveCfg = Debug|Any CPU
		{22BD5C43-7119-478C-83CF-A104AB6FFFC8}.Debug|Any CPU.Build.0 = Debug|Any CPU
		{22BD5C43-7119-478C-83CF-A104AB6FFFC8}.Release|Any CPU.ActiveCfg = Release|Any CPU
		{22BD5C43-7119-478C-83CF-A104AB6FFFC8}.Release|Any CPU.Build.0 = Release|Any CPU
		{29BD3402-C6F4-43DA-8AAA-EFEB03CF3558}.Debug|Any CPU.ActiveCfg = Debug|Any CPU
		{29BD3402-C6F4-43DA-8AAA-EFEB03CF3558}.Debug|Any CPU.Build.0 = Debug|Any CPU
		{29BD3402-C6F4-43DA-8AAA-EFEB03CF3558}.Release|Any CPU.ActiveCfg = Release|Any CPU
		{29BD3402-C6F4-43DA-8AAA-EFEB03CF3558}.Release|Any CPU.Build.0 = Release|Any CPU
		{3570BDF8-69EB-4737-BCFE-0E305C7AA49B}.Debug|Any CPU.ActiveCfg = Debug|Any CPU
		{3570BDF8-69EB-4737-BCFE-0E305C7AA49B}.Debug|Any CPU.Build.0 = Debug|Any CPU
		{3570BDF8-69EB-4737-BCFE-0E305C7AA49B}.Release|Any CPU.ActiveCfg = Release|Any CPU
		{3570BDF8-69EB-4737-BCFE-0E305C7AA49B}.Release|Any CPU.Build.0 = Release|Any CPU
		{8EBCE637-9ED2-41F5-851B-A7FDDF342528}.Debug|Any CPU.ActiveCfg = Debug|Any CPU
		{8EBCE637-9ED2-41F5-851B-A7FDDF342528}.Debug|Any CPU.Build.0 = Debug|Any CPU
		{8EBCE637-9ED2-41F5-851B-A7FDDF342528}.Release|Any CPU.ActiveCfg = Release|Any CPU
		{8EBCE637-9ED2-41F5-851B-A7FDDF342528}.Release|Any CPU.Build.0 = Release|Any CPU
	EndGlobalSection
	GlobalSection(SolutionProperties) = preSolution
		HideSolutionNode = FALSE
	EndGlobalSection
	GlobalSection(ExtensibilityGlobals) = postSolution
		SolutionGuid = {5AEA2E2E-444C-4FDA-A8CF-D0B142E681B7}
	EndGlobalSection
EndGlobal
